
Microsoft Visual Studio Solution File, Format Version 12.00
# Visual Studio 2017
Project("{FAE04EC0-301F-11D3-BF4B-00C04F79EFBC}") = "RW1", "RW1.csproj", "{B067C445-4B7F-1F27-3975-737F4FE94C9F}"
EndProject
Project("{FAE04EC0-301F-11D3-BF4B-00C04F79EFBC}") = "RW1.Editor", "RW1.Editor.csproj", "{C76D18A9-669A-4F59-AE89-8CF003AF1E78}"
EndProject
Global
	GlobalSection(SolutionConfigurationPlatforms) = preSolution
		Debug|Any CPU = Debug|Any CPU
		Release|Any CPU = Release|Any CPU
	EndGlobalSection
	GlobalSection(ProjectConfigurationPlatforms) = postSolution
		{B067C445-4B7F-1F27-3975-737F4FE94C9F}.Debug|Any CPU.ActiveCfg = Debug|Any CPU
		{B067C445-4B7F-1F27-3975-737F4FE94C9F}.Debug|Any CPU.Build.0 = Debug|Any CPU
		{B067C445-4B7F-1F27-3975-737F4FE94C9F}.Release|Any CPU.ActiveCfg = Release|Any CPU
		{B067C445-4B7F-1F27-3975-737F4FE94C9F}.Release|Any CPU.Build.0 = Release|Any CPU
		{C76D18A9-669A-4F59-AE89-8CF003AF1E78}.Debug|Any CPU.ActiveCfg = Debug|Any CPU
		{C76D18A9-669A-4F59-AE89-8CF003AF1E78}.Debug|Any CPU.Build.0 = Debug|Any CPU
		{C76D18A9-669A-4F59-AE89-8CF003AF1E78}.Release|Any CPU.ActiveCfg = Release|Any CPU
		{C76D18A9-669A-4F59-AE89-8CF003AF1E78}.Release|Any CPU.Build.0 = Release|Any CPU
	EndGlobalSection
	GlobalSection(SolutionProperties) = preSolution
		HideSolutionNode = FALSE
	EndGlobalSection
EndGlobal
